// !$*UTF8*$!
{
	archiveVersion = 1;
	classes = {
	};
	objectVersion = 50;
	objects = {

/* Begin PBXBuildFile section */
		1DD9E15E2497F97D006C40E2 /* AppDelegate.swift in Sources */ = {isa = PBXBuildFile; fileRef = 1DD9E15D2497F97D006C40E2 /* AppDelegate.swift */; };
		1DD9E1602497F97D006C40E2 /* SceneDelegate.swift in Sources */ = {isa = PBXBuildFile; fileRef = 1DD9E15F2497F97D006C40E2 /* SceneDelegate.swift */; };
		1DD9E1622497F97D006C40E2 /* ContentView.swift in Sources */ = {isa = PBXBuildFile; fileRef = 1DD9E1612497F97D006C40E2 /* ContentView.swift */; };
		1DD9E1642497F980006C40E2 /* Assets.xcassets in Resources */ = {isa = PBXBuildFile; fileRef = 1DD9E1632497F980006C40E2 /* Assets.xcassets */; };
		1DD9E1672497F980006C40E2 /* Preview Assets.xcassets in Resources */ = {isa = PBXBuildFile; fileRef = 1DD9E1662497F980006C40E2 /* Preview Assets.xcassets */; };
		1DD9E16A2497F980006C40E2 /* LaunchScreen.storyboard in Resources */ = {isa = PBXBuildFile; fileRef = 1DD9E1682497F980006C40E2 /* LaunchScreen.storyboard */; };
		1DD9E1782497F9A4006C40E2 /* WallesterWebUITests.swift in Sources */ = {isa = PBXBuildFile; fileRef = 1DD9E1772497F9A4006C40E2 /* WallesterWebUITests.swift */; };
/* End PBXBuildFile section */

/* Begin PBXContainerItemProxy section */
		1DD9E17A2497F9A4006C40E2 /* PBXContainerItemProxy */ = {
			isa = PBXContainerItemProxy;
			containerPortal = 1DD9E1522497F97D006C40E2 /* Project object */;
			proxyType = 1;
			remoteGlobalIDString = 1DD9E1592497F97D006C40E2;
			remoteInfo = WallesterWeb;
		};
/* End PBXContainerItemProxy section */

/* Begin PBXFileReference section */
		1DD9E15A2497F97D006C40E2 /* WallesterWeb.app */ = {isa = PBXFileReference; explicitFileType = wrapper.application; includeInIndex = 0; path = WallesterWeb.app; sourceTree = BUILT_PRODUCTS_DIR; };
		1DD9E15D2497F97D006C40E2 /* AppDelegate.swift */ = {isa = PBXFileReference; lastKnownFileType = sourcecode.swift; path = AppDelegate.swift; sourceTree = "<group>"; };
		1DD9E15F2497F97D006C40E2 /* SceneDelegate.swift */ = {isa = PBXFileReference; lastKnownFileType = sourcecode.swift; path = SceneDelegate.swift; sourceTree = "<group>"; };
		1DD9E1612497F97D006C40E2 /* ContentView.swift */ = {isa = PBXFileReference; lastKnownFileType = sourcecode.swift; path = ContentView.swift; sourceTree = "<group>"; };
		1DD9E1632497F980006C40E2 /* Assets.xcassets */ = {isa = PBXFileReference; lastKnownFileType = folder.assetcatalog; path = Assets.xcassets; sourceTree = "<group>"; };
		1DD9E1662497F980006C40E2 /* Preview Assets.xcassets */ = {isa = PBXFileReference; lastKnownFileType = folder.assetcatalog; path = "Preview Assets.xcassets"; sourceTree = "<group>"; };
		1DD9E1692497F980006C40E2 /* Base */ = {isa = PBXFileReference; lastKnownFileType = file.storyboard; name = Base; path = Base.lproj/LaunchScreen.storyboard; sourceTree = "<group>"; };
		1DD9E16B2497F980006C40E2 /* Info.plist */ = {isa = PBXFileReference; lastKnownFileType = text.plist.xml; path = Info.plist; sourceTree = "<group>"; };
		1DD9E1752497F9A4006C40E2 /* WallesterWebUITests.xctest */ = {isa = PBXFileReference; explicitFileType = wrapper.cfbundle; includeInIndex = 0; path = WallesterWebUITests.xctest; sourceTree = BUILT_PRODUCTS_DIR; };
		1DD9E1772497F9A4006C40E2 /* WallesterWebUITests.swift */ = {isa = PBXFileReference; lastKnownFileType = sourcecode.swift; path = WallesterWebUITests.swift; sourceTree = "<group>"; };
		1DD9E1792497F9A4006C40E2 /* Info.plist */ = {isa = PBXFileReference; lastKnownFileType = text.plist.xml; path = Info.plist; sourceTree = "<group>"; };
/* End PBXFileReference section */

/* Begin PBXFrameworksBuildPhase section */
		1DD9E1572497F97D006C40E2 /* Frameworks */ = {
			isa = PBXFrameworksBuildPhase;
			buildActionMask = 2147483647;
			files = (
			);
			runOnlyForDeploymentPostprocessing = 0;
		};
		1DD9E1722497F9A4006C40E2 /* Frameworks */ = {
			isa = PBXFrameworksBuildPhase;
			buildActionMask = 2147483647;
			files = (
			);
			runOnlyForDeploymentPostprocessing = 0;
		};
/* End PBXFrameworksBuildPhase section */

/* Begin PBXGroup section */
		1DD9E1512497F97C006C40E2 = {
			isa = PBXGroup;
			children = (
				1DD9E15C2497F97D006C40E2 /* WallesterWeb */,
				1DD9E1762497F9A4006C40E2 /* WallesterWebUITests */,
				1DD9E15B2497F97D006C40E2 /* Products */,
			);
			sourceTree = "<group>";
		};
		1DD9E15B2497F97D006C40E2 /* Products */ = {
			isa = PBXGroup;
			children = (
				1DD9E15A2497F97D006C40E2 /* WallesterWeb.app */,
				1DD9E1752497F9A4006C40E2 /* WallesterWebUITests.xctest */,
			);
			name = Products;
			sourceTree = "<group>";
		};
		1DD9E15C2497F97D006C40E2 /* WallesterWeb */ = {
			isa = PBXGroup;
			children = (
				1DD9E15D2497F97D006C40E2 /* AppDelegate.swift */,
				1DD9E15F2497F97D006C40E2 /* SceneDelegate.swift */,
				1DD9E1612497F97D006C40E2 /* ContentView.swift */,
				1DD9E1632497F980006C40E2 /* Assets.xcassets */,
				1DD9E1682497F980006C40E2 /* LaunchScreen.storyboard */,
				1DD9E16B2497F980006C40E2 /* Info.plist */,
				1DD9E1652497F980006C40E2 /* Preview Content */,
			);
			path = WallesterWeb;
			sourceTree = "<group>";
		};
		1DD9E1652497F980006C40E2 /* Preview Content */ = {
			isa = PBXGroup;
			children = (
				1DD9E1662497F980006C40E2 /* Preview Assets.xcassets */,
			);
			path = "Preview Content";
			sourceTree = "<group>";
		};
		1DD9E1762497F9A4006C40E2 /* WallesterWebUITests */ = {
			isa = PBXGroup;
			children = (
				1DD9E1772497F9A4006C40E2 /* WallesterWebUITests.swift */,
				1DD9E1792497F9A4006C40E2 /* Info.plist */,
			);
			path = WallesterWebUITests;
			sourceTree = "<group>";
		};
/* End PBXGroup section */

/* Begin PBXNativeTarget section */
		1DD9E1592497F97D006C40E2 /* WallesterWeb */ = {
			isa = PBXNativeTarget;
			buildConfigurationList = 1DD9E16E2497F980006C40E2 /* Build configuration list for PBXNativeTarget "WallesterWeb" */;
			buildPhases = (
				1DD9E1562497F97D006C40E2 /* Sources */,
				1DD9E1572497F97D006C40E2 /* Frameworks */,
				1DD9E1582497F97D006C40E2 /* Resources */,
			);
			buildRules = (
			);
			dependencies = (
			);
			name = WallesterWeb;
			productName = WallesterWeb;
			productReference = 1DD9E15A2497F97D006C40E2 /* WallesterWeb.app */;
			productType = "com.apple.product-type.application";
		};
		1DD9E1742497F9A4006C40E2 /* WallesterWebUITests */ = {
			isa = PBXNativeTarget;
			buildConfigurationList = 1DD9E17C2497F9A4006C40E2 /* Build configuration list for PBXNativeTarget "WallesterWebUITests" */;
			buildPhases = (
				1DD9E1712497F9A4006C40E2 /* Sources */,
				1DD9E1722497F9A4006C40E2 /* Frameworks */,
				1DD9E1732497F9A4006C40E2 /* Resources */,
			);
			buildRules = (
			);
			dependencies = (
				1DD9E17B2497F9A4006C40E2 /* PBXTargetDependency */,
			);
			name = WallesterWebUITests;
			productName = WallesterWebUITests;
			productReference = 1DD9E1752497F9A4006C40E2 /* WallesterWebUITests.xctest */;
			productType = "com.apple.product-type.bundle.ui-testing";
		};
/* End PBXNativeTarget section */

/* Begin PBXProject section */
		1DD9E1522497F97D006C40E2 /* Project object */ = {
			isa = PBXProject;
			attributes = {
				LastSwiftUpdateCheck = 1150;
				LastUpgradeCheck = 1150;
				ORGANIZATIONNAME = "Ramill Ibragimov";
				TargetAttributes = {
					1DD9E1592497F97D006C40E2 = {
						CreatedOnToolsVersion = 11.5;
					};
					1DD9E1742497F9A4006C40E2 = {
						CreatedOnToolsVersion = 11.5;
						TestTargetID = 1DD9E1592497F97D006C40E2;
					};
				};
			};
			buildConfigurationList = 1DD9E1552497F97D006C40E2 /* Build configuration list for PBXProject "WallesterWeb" */;
			compatibilityVersion = "Xcode 9.3";
			developmentRegion = en;
			hasScannedForEncodings = 0;
			knownRegions = (
				en,
				Base,
			);
			mainGroup = 1DD9E1512497F97C006C40E2;
			productRefGroup = 1DD9E15B2497F97D006C40E2 /* Products */;
			projectDirPath = "";
			projectRoot = "";
			targets = (
				1DD9E1592497F97D006C40E2 /* WallesterWeb */,
				1DD9E1742497F9A4006C40E2 /* WallesterWebUITests */,
			);
		};
/* End PBXProject section */

/* Begin PBXResourcesBuildPhase section */
		1DD9E1582497F97D006C40E2 /* Resources */ = {
			isa = PBXResourcesBuildPhase;
			buildActionMask = 2147483647;
			files = (
				1DD9E16A2497F980006C40E2 /* LaunchScreen.storyboard in Resources */,
				1DD9E1672497F980006C40E2 /* Preview Assets.xcassets in Resources */,
				1DD9E1642497F980006C40E2 /* Assets.xcassets in Resources */,
			);
			runOnlyForDeploymentPostprocessing = 0;
		};
		1DD9E1732497F9A4006C40E2 /* Resources */ = {
			isa = PBXResourcesBuildPhase;
			buildActionMask = 2147483647;
			files = (
			);
			runOnlyForDeploymentPostprocessing = 0;
		};
/* End PBXResourcesBuildPhase section */

/* Begin PBXSourcesBuildPhase section */
		1DD9E1562497F97D006C40E2 /* Sources */ = {
			isa = PBXSourcesBuildPhase;
			buildActionMask = 2147483647;
			files = (
				1DD9E15E2497F97D006C40E2 /* AppDelegate.swift in Sources */,
				1DD9E1602497F97D006C40E2 /* SceneDelegate.swift in Sources */,
				1DD9E1622497F97D006C40E2 /* ContentView.swift in Sources */,
			);
			runOnlyForDeploymentPostprocessing = 0;
		};
		1DD9E1712497F9A4006C40E2 /* Sources */ = {
			isa = PBXSourcesBuildPhase;
			buildActionMask = 2147483647;
			files = (
				1DD9E1782497F9A4006C40E2 /* WallesterWebUITests.swift in Sources */,
			);
			runOnlyForDeploymentPostprocessing = 0;
		};
/* End PBXSourcesBuildPhase section */

/* Begin PBXTargetDependency section */
		1DD9E17B2497F9A4006C40E2 /* PBXTargetDependency */ = {
			isa = PBXTargetDependency;
			target = 1DD9E1592497F97D006C40E2 /* WallesterWeb */;
			targetProxy = 1DD9E17A2497F9A4006C40E2 /* PBXContainerItemProxy */;
		};
/* End PBXTargetDependency section */

/* Begin PBXVariantGroup section */
		1DD9E1682497F980006C40E2 /* LaunchScreen.storyboard */ = {
			isa = PBXVariantGroup;
			children = (
				1DD9E1692497F980006C40E2 /* Base */,
			);
			name = LaunchScreen.storyboard;
			sourceTree = "<group>";
		};
/* End PBXVariantGroup section */

/* Begin XCBuildConfiguration section */
		1DD9E16C2497F980006C40E2 /* Debug */ = {
			isa = XCBuildConfiguration;
			buildSettings = {
				ALWAYS_SEARCH_USER_PATHS = NO;
				CLANG_ANALYZER_NONNULL = YES;
				CLANG_ANALYZER_NUMBER_OBJECT_CONVERSION = YES_AGGRESSIVE;
				CLANG_CXX_LANGUAGE_STANDARD = "gnu++14";
				CLANG_CXX_LIBRARY = "libc++";
				CLANG_ENABLE_MODULES = YES;
				CLANG_ENABLE_OBJC_ARC = YES;
				CLANG_ENABLE_OBJC_WEAK = YES;
				CLANG_WARN_BLOCK_CAPTURE_AUTORELEASING = YES;
				CLANG_WARN_BOOL_CONVERSION = YES;
				CLANG_WARN_COMMA = YES;
				CLANG_WARN_CONSTANT_CONVERSION = YES;
				CLANG_WARN_DEPRECATED_OBJC_IMPLEMENTATIONS = YES;
				CLANG_WARN_DIRECT_OBJC_ISA_USAGE = YES_ERROR;
				CLANG_WARN_DOCUMENTATION_COMMENTS = YES;
				CLANG_WARN_EMPTY_BODY = YES;
				CLANG_WARN_ENUM_CONVERSION = YES;
				CLANG_WARN_INFINITE_RECURSION = YES;
				CLANG_WARN_INT_CONVERSION = YES;
				CLANG_WARN_NON_LITERAL_NULL_CONVERSION = YES;
				CLANG_WARN_OBJC_IMPLICIT_RETAIN_SELF = YES;
				CLANG_WARN_OBJC_LITERAL_CONVERSION = YES;
				CLANG_WARN_OBJC_ROOT_CLASS = YES_ERROR;
				CLANG_WARN_RANGE_LOOP_ANALYSIS = YES;
				CLANG_WARN_STRICT_PROTOTYPES = YES;
				CLANG_WARN_SUSPICIOUS_MOVE = YES;
				CLANG_WARN_UNGUARDED_AVAILABILITY = YES_AGGRESSIVE;
				CLANG_WARN_UNREACHABLE_CODE = YES;
				CLANG_WARN__DUPLICATE_METHOD_MATCH = YES;
				COPY_PHASE_STRIP = NO;
				DEBUG_INFORMATION_FORMAT = dwarf;
				ENABLE_STRICT_OBJC_MSGSEND = YES;
				ENABLE_TESTABILITY = YES;
				GCC_C_LANGUAGE_STANDARD = gnu11;
				GCC_DYNAMIC_NO_PIC = NO;
				GCC_NO_COMMON_BLOCKS = YES;
				GCC_OPTIMIZATION_LEVEL = 0;
				GCC_PREPROCESSOR_DEFINITIONS = (
					"DEBUG=1",
					"$(inherited)",
				);
				GCC_WARN_64_TO_32_BIT_CONVERSION = YES;
				GCC_WARN_ABOUT_RETURN_TYPE = YES_ERROR;
				GCC_WARN_UNDECLARED_SELECTOR = YES;
				GCC_WARN_UNINITIALIZED_AUTOS = YES_AGGRESSIVE;
				GCC_WARN_UNUSED_FUNCTION = YES;
				GCC_WARN_UNUSED_VARIABLE = YES;
				IPHONEOS_DEPLOYMENT_TARGET = 13.5;
				MTL_ENABLE_DEBUG_INFO = INCLUDE_SOURCE;
				MTL_FAST_MATH = YES;
				ONLY_ACTIVE_ARCH = YES;
				SDKROOT = iphoneos;
				SWIFT_ACTIVE_COMPILATION_CONDITIONS = DEBUG;
				SWIFT_OPTIMIZATION_LEVEL = "-Onone";
			};
			name = Debug;
		};
		1DD9E16D2497F980006C40E2 /* Release */ = {
			isa = XCBuildConfiguration;
			buildSettings = {
				ALWAYS_SEARCH_USER_PATHS = NO;
				CLANG_ANALYZER_NONNULL = YES;
				CLANG_ANALYZER_NUMBER_OBJECT_CONVERSION = YES_AGGRESSIVE;
				CLANG_CXX_LANGUAGE_STANDARD = "gnu++14";
				CLANG_CXX_LIBRARY = "libc++";
				CLANG_ENABLE_MODULES = YES;
				CLANG_ENABLE_OBJC_ARC = YES;
				CLANG_ENABLE_OBJC_WEAK = YES;
				CLANG_WARN_BLOCK_CAPTURE_AUTORELEASING = YES;
				CLANG_WARN_BOOL_CONVERSION = YES;
				CLANG_WARN_COMMA = YES;
				CLANG_WARN_CONSTANT_CONVERSION = YES;
				CLANG_WARN_DEPRECATED_OBJC_IMPLEMENTATIONS = YES;
				CLANG_WARN_DIRECT_OBJC_ISA_USAGE = YES_ERROR;
				CLANG_WARN_DOCUMENTATION_COMMENTS = YES;
				CLANG_WARN_EMPTY_BODY = YES;
				CLANG_WARN_ENUM_CONVERSION = YES;
				CLANG_WARN_INFINITE_RECURSION = YES;
				CLANG_WARN_INT_CONVERSION = YES;
				CLANG_WARN_NON_LITERAL_NULL_CONVERSION = YES;
				CLANG_WARN_OBJC_IMPLICIT_RETAIN_SELF = YES;
				CLANG_WARN_OBJC_LITERAL_CONVERSION = YES;
				CLANG_WARN_OBJC_ROOT_CLASS = YES_ERROR;
				CLANG_WARN_RANGE_LOOP_ANALYSIS = YES;
				CLANG_WARN_STRICT_PROTOTYPES = YES;
				CLANG_WARN_SUSPICIOUS_MOVE = YES;
				CLANG_WARN_UNGUARDED_AVAILABILITY = YES_AGGRESSIVE;
				CLANG_WARN_UNREACHABLE_CODE = YES;
				CLANG_WARN__DUPLICATE_METHOD_MATCH = YES;
				COPY_PHASE_STRIP = NO;
				DEBUG_INFORMATION_FORMAT = "dwarf-with-dsym";
				ENABLE_NS_ASSERTIONS = NO;
				ENABLE_STRICT_OBJC_MSGSEND = YES;
				GCC_C_LANGUAGE_STANDARD = gnu11;
				GCC_NO_COMMON_BLOCKS = YES;
				GCC_WARN_64_TO_32_BIT_CONVERSION = YES;
				GCC_WARN_ABOUT_RETURN_TYPE = YES_ERROR;
				GCC_WARN_UNDECLARED_SELECTOR = YES;
				GCC_WARN_UNINITIALIZED_AUTOS = YES_AGGRESSIVE;
				GCC_WARN_UNUSED_FUNCTION = YES;
				GCC_WARN_UNUSED_VARIABLE = YES;
				IPHONEOS_DEPLOYMENT_TARGET = 13.5;
				MTL_ENABLE_DEBUG_INFO = NO;
				MTL_FAST_MATH = YES;
				SDKROOT = iphoneos;
				SWIFT_COMPILATION_MODE = wholemodule;
				SWIFT_OPTIMIZATION_LEVEL = "-O";
				VALIDATE_PRODUCT = YES;
			};
			name = Release;
		};
		1DD9E16F2497F980006C40E2 /* Debug */ = {
			isa = XCBuildConfiguration;
			buildSettings = {
				ASSETCATALOG_COMPILER_APPICON_NAME = AppIcon;
				CODE_SIGN_STYLE = Automatic;
				DEVELOPMENT_ASSET_PATHS = "\"WallesterWeb/Preview Content\"";
				DEVELOPMENT_TEAM = L8W86DZDY2;
				ENABLE_PREVIEWS = YES;
				INFOPLIST_FILE = WallesterWeb/Info.plist;
				LD_RUNPATH_SEARCH_PATHS = (
					"$(inherited)",
					"@executable_path/Frameworks",
				);
				PRODUCT_BUNDLE_IDENTIFIER = com.ri.WallesterWeb;
				PRODUCT_NAME = "$(TARGET_NAME)";
				SWIFT_VERSION = 5.0;
				TARGETED_DEVICE_FAMILY = "1,2";
			};
			name = Debug;
		};
		1DD9E1702497F980006C40E2 /* Release */ = {
			isa = XCBuildConfiguration;
			buildSettings = {
				ASSETCATALOG_COMPILER_APPICON_NAME = AppIcon;
				CODE_SIGN_STYLE = Automatic;
				DEVELOPMENT_ASSET_PATHS = "\"WallesterWeb/Preview Content\"";
				DEVELOPMENT_TEAM = L8W86DZDY2;
				ENABLE_PREVIEWS = YES;
				INFOPLIST_FILE = WallesterWeb/Info.plist;
				LD_RUNPATH_SEARCH_PATHS = (
					"$(inherited)",
					"@executable_path/Frameworks",
				);
				PRODUCT_BUNDLE_IDENTIFIER = com.ri.WallesterWeb;
				PRODUCT_NAME = "$(TARGET_NAME)";
				SWIFT_VERSION = 5.0;
				TARGETED_DEVICE_FAMILY = "1,2";
			};
			name = Release;
		};
		1DD9E17D2497F9A4006C40E2 /* Debug */ = {
			isa = XCBuildConfiguration;
			buildSettings = {
				CODE_SIGN_STYLE = Automatic;
				DEVELOPMENT_TEAM = L8W86DZDY2;
				INFOPLIST_FILE = WallesterWebUITests/Info.plist;
				LD_RUNPATH_SEARCH_PATHS = (
					"$(inherited)",
					"@executable_path/Frameworks",
					"@loader_path/Frameworks",
				);
				PRODUCT_BUNDLE_IDENTIFIER = com.ri.WallesterWebUITests;
				PRODUCT_NAME = "$(TARGET_NAME)";
				SWIFT_VERSION = 5.0;
				TARGETED_DEVICE_FAMILY = "1,2";
				TEST_TARGET_NAME = WallesterWeb;
			};
			name = Debug;
		};
		1DD9E17E2497F9A4006C40E2 /* Release */ = {
			isa = XCBuildConfiguration;
			buildSettings = {
				CODE_SIGN_STYLE = Automatic;
				DEVELOPMENT_TEAM = L8W86DZDY2;
				INFOPLIST_FILE = WallesterWebUITests/Info.plist;
				LD_RUNPATH_SEARCH_PATHS = (
					"$(inherited)",
					"@executable_path/Frameworks",
					"@loader_path/Frameworks",
				);
				PRODUCT_BUNDLE_IDENTIFIER = com.ri.WallesterWebUITests;
				PRODUCT_NAME = "$(TARGET_NAME)";
				SWIFT_VERSION = 5.0;
				TARGETED_DEVICE_FAMILY = "1,2";
				TEST_TARGET_NAME = WallesterWeb;
			};
			name = Release;
		};
/* End XCBuildConfiguration section */

/* Begin XCConfigurationList section */
		1DD9E1552497F97D006C40E2 /* Build configuration list for PBXProject "WallesterWeb" */ = {
			isa = XCConfigurationList;
			buildConfigurations = (
				1DD9E16C2497F980006C40E2 /* Debug */,
				1DD9E16D2497F980006C40E2 /* Release */,
			);
			defaultConfigurationIsVisible = 0;
			defaultConfigurationName = Release;
		};
		1DD9E16E2497F980006C40E2 /* Build configuration list for PBXNativeTarget "WallesterWeb" */ = {
			isa = XCConfigurationList;
			buildConfigurations = (
				1DD9E16F2497F980006C40E2 /* Debug */,
				1DD9E1702497F980006C40E2 /* Release */,
			);
			defaultConfigurationIsVisible = 0;
			defaultConfigurationName = Release;
		};
		1DD9E17C2497F9A4006C40E2 /* Build configuration list for PBXNativeTarget "WallesterWebUITests" */ = {
			isa = XCConfigurationList;
			buildConfigurations = (
				1DD9E17D2497F9A4006C40E2 /* Debug */,
				1DD9E17E2497F9A4006C40E2 /* Release */,
			);
			defaultConfigurationIsVisible = 0;
			defaultConfigurationName = Release;
		};
/* End XCConfigurationList section */
	};
	rootObject = 1DD9E1522497F97D006C40E2 /* Project object */;
}
